
Microsoft Visual Studio Solution File, Format Version 12.00
# Visual Studio Version 17
VisualStudioVersion = 17.0.31903.59
MinimumVisualStudioVersion = 10.0.40219.1
Project("{2150E333-8FDC-42A3-9474-1A3956D46DE8}") = "src", "src", "{4B7E8E8C-9F3A-4E8D-8F3A-4E8D8F3A4E8D}"
EndProject
Project("{2150E333-8FDC-42A3-9474-1A3956D46DE8}") = "tests", "tests", "{5C8F9F9D-AF4B-5F9E-9F4B-5F9E9F4B5F9E}"
EndProject
Project("{2150E333-8FDC-42A3-9474-1A3956D46DE8}") = "examples", "examples", "{6D9FAFAE-BF5C-6FAF-AF5C-6FAFAF5C6FAF}"
EndProject
Project("{FAE04EC0-301F-11D3-BF4B-00C04F79EFBC}") = "AgentBus.Broker", "src\AgentBus.Broker\AgentBus.Broker.csproj", "{E0BC4168-913F-47A5-A7A6-7E156EE1AFE9}"
EndProject
Project("{FAE04EC0-301F-11D3-BF4B-00C04F79EFBC}") = "AgentBus.Broker.Tests", "tests\AgentBus.Broker.Tests\AgentBus.Broker.Tests.csproj", "{AF47F29D-2306-4104-A6C0-68FC4E726F9F}"
EndProject
Project("{FAE04EC0-301F-11D3-BF4B-00C04F79EFBC}") = "AgentBus.Examples.Shared", "examples\AgentBus.Examples.Shared\AgentBus.Examples.Shared.csproj", "{F5A6B7C8-D9E0-8F1A-2B3C-4D5E6F7A8B9C}"
EndProject
Project("{FAE04EC0-301F-11D3-BF4B-00C04F79EFBC}") = "AgentBus.Examples.CustomerExperience", "examples\AgentBus.Examples.CustomerExperience\AgentBus.Examples.CustomerExperience.csproj", "{B1C2D3E4-F5A6-4B7C-8D9E-0F1A2B3C4D5E}"
EndProject
Project("{FAE04EC0-301F-11D3-BF4B-00C04F79EFBC}") = "AgentBus.Examples.OperationsInventory", "examples\AgentBus.Examples.OperationsInventory\AgentBus.Examples.OperationsInventory.csproj", "{C2D3E4F5-A6B7-5C8D-9E0F-1A2B3C4D5E6F}"
EndProject
Project("{FAE04EC0-301F-11D3-BF4B-00C04F79EFBC}") = "AgentBus.Examples.FinancialAuth", "examples\AgentBus.Examples.FinancialAuth\AgentBus.Examples.FinancialAuth.csproj", "{D3E4F5A6-B7C8-6D9E-0F1A-2B3C4D5E6F7A}"
EndProject
Project("{FAE04EC0-301F-11D3-BF4B-00C04F79EFBC}") = "AgentBus.Examples.InternalComms", "examples\AgentBus.Examples.InternalComms\AgentBus.Examples.InternalComms.csproj", "{E4F5A6B7-C8D9-7E0F-1A2B-3C4D5E6F7A8B}"
EndProject
Project("{FAE04EC0-301F-11D3-BF4B-00C04F79EFBC}") = "AgentHub.AppHost", "src\AgentHub.AppHost\AgentHub.AppHost.csproj", "{B916B6BA-4CD1-454B-9CA3-A0AD63906E8B}"
EndProject
Project("{FAE04EC0-301F-11D3-BF4B-00C04F79EFBC}") = "AgentHub.ServiceDefaults", "src\AgentHub.ServiceDefaults\AgentHub.ServiceDefaults.csproj", "{458F0FD0-1710-4196-A72D-8AFD0E16C460}"
EndProject
Global
	GlobalSection(SolutionConfigurationPlatforms) = preSolution
		Debug|Any CPU = Debug|Any CPU
		Debug|x64 = Debug|x64
		Debug|x86 = Debug|x86
		Release|Any CPU = Release|Any CPU
		Release|x64 = Release|x64
		Release|x86 = Release|x86
	EndGlobalSection
	GlobalSection(ProjectConfigurationPlatforms) = postSolution
		{E0BC4168-913F-47A5-A7A6-7E156EE1AFE9}.Debug|Any CPU.ActiveCfg = Debug|Any CPU
		{E0BC4168-913F-47A5-A7A6-7E156EE1AFE9}.Debug|Any CPU.Build.0 = Debug|Any CPU
		{E0BC4168-913F-47A5-A7A6-7E156EE1AFE9}.Debug|x64.ActiveCfg = Debug|Any CPU
		{E0BC4168-913F-47A5-A7A6-7E156EE1AFE9}.Debug|x64.Build.0 = Debug|Any CPU
		{E0BC4168-913F-47A5-A7A6-7E156EE1AFE9}.Debug|x86.ActiveCfg = Debug|Any CPU
		{E0BC4168-913F-47A5-A7A6-7E156EE1AFE9}.Debug|x86.Build.0 = Debug|Any CPU
		{E0BC4168-913F-47A5-A7A6-7E156EE1AFE9}.Release|Any CPU.ActiveCfg = Release|Any CPU
		{E0BC4168-913F-47A5-A7A6-7E156EE1AFE9}.Release|Any CPU.Build.0 = Release|Any CPU
		{E0BC4168-913F-47A5-A7A6-7E156EE1AFE9}.Release|x64.ActiveCfg = Release|Any CPU
		{E0BC4168-913F-47A5-A7A6-7E156EE1AFE9}.Release|x64.Build.0 = Release|Any CPU
		{E0BC4168-913F-47A5-A7A6-7E156EE1AFE9}.Release|x86.ActiveCfg = Release|Any CPU
		{E0BC4168-913F-47A5-A7A6-7E156EE1AFE9}.Release|x86.Build.0 = Release|Any CPU
		{AF47F29D-2306-4104-A6C0-68FC4E726F9F}.Debug|Any CPU.ActiveCfg = Debug|Any CPU
		{AF47F29D-2306-4104-A6C0-68FC4E726F9F}.Debug|Any CPU.Build.0 = Debug|Any CPU
		{AF47F29D-2306-4104-A6C0-68FC4E726F9F}.Debug|x64.ActiveCfg = Debug|Any CPU
		{AF47F29D-2306-4104-A6C0-68FC4E726F9F}.Debug|x64.Build.0 = Debug|Any CPU
		{AF47F29D-2306-4104-A6C0-68FC4E726F9F}.Debug|x86.ActiveCfg = Debug|Any CPU
		{AF47F29D-2306-4104-A6C0-68FC4E726F9F}.Debug|x86.Build.0 = Debug|Any CPU
		{AF47F29D-2306-4104-A6C0-68FC4E726F9F}.Release|Any CPU.ActiveCfg = Release|Any CPU
		{AF47F29D-2306-4104-A6C0-68FC4E726F9F}.Release|Any CPU.Build.0 = Release|Any CPU
		{AF47F29D-2306-4104-A6C0-68FC4E726F9F}.Release|x64.ActiveCfg = Release|Any CPU
		{AF47F29D-2306-4104-A6C0-68FC4E726F9F}.Release|x64.Build.0 = Release|Any CPU
		{AF47F29D-2306-4104-A6C0-68FC4E726F9F}.Release|x86.ActiveCfg = Release|Any CPU
		{AF47F29D-2306-4104-A6C0-68FC4E726F9F}.Release|x86.Build.0 = Release|Any CPU
		{F5A6B7C8-D9E0-8F1A-2B3C-4D5E6F7A8B9C}.Debug|Any CPU.ActiveCfg = Debug|Any CPU
		{F5A6B7C8-D9E0-8F1A-2B3C-4D5E6F7A8B9C}.Debug|Any CPU.Build.0 = Debug|Any CPU
		{F5A6B7C8-D9E0-8F1A-2B3C-4D5E6F7A8B9C}.Release|Any CPU.ActiveCfg = Release|Any CPU
		{F5A6B7C8-D9E0-8F1A-2B3C-4D5E6F7A8B9C}.Release|Any CPU.Build.0 = Release|Any CPU
		{B1C2D3E4-F5A6-4B7C-8D9E-0F1A2B3C4D5E}.Debug|Any CPU.ActiveCfg = Debug|Any CPU
		{B1C2D3E4-F5A6-4B7C-8D9E-0F1A2B3C4D5E}.Debug|Any CPU.Build.0 = Debug|Any CPU
		{B1C2D3E4-F5A6-4B7C-8D9E-0F1A2B3C4D5E}.Release|Any CPU.ActiveCfg = Release|Any CPU
		{B1C2D3E4-F5A6-4B7C-8D9E-0F1A2B3C4D5E}.Release|Any CPU.Build.0 = Release|Any CPU
		{C2D3E4F5-A6B7-5C8D-9E0F-1A2B3C4D5E6F}.Debug|Any CPU.ActiveCfg = Debug|Any CPU
		{C2D3E4F5-A6B7-5C8D-9E0F-1A2B3C4D5E6F}.Debug|Any CPU.Build.0 = Debug|Any CPU
		{C2D3E4F5-A6B7-5C8D-9E0F-1A2B3C4D5E6F}.Release|Any CPU.ActiveCfg = Release|Any CPU
		{C2D3E4F5-A6B7-5C8D-9E0F-1A2B3C4D5E6F}.Release|Any CPU.Build.0 = Release|Any CPU
		{D3E4F5A6-B7C8-6D9E-0F1A-2B3C4D5E6F7A}.Debug|Any CPU.ActiveCfg = Debug|Any CPU
		{D3E4F5A6-B7C8-6D9E-0F1A-2B3C4D5E6F7A}.Debug|Any CPU.Build.0 = Debug|Any CPU
		{D3E4F5A6-B7C8-6D9E-0F1A-2B3C4D5E6F7A}.Release|Any CPU.ActiveCfg = Release|Any CPU
		{D3E4F5A6-B7C8-6D9E-0F1A-2B3C4D5E6F7A}.Release|Any CPU.Build.0 = Release|Any CPU
		{E4F5A6B7-C8D9-7E0F-1A2B-3C4D5E6F7A8B}.Debug|Any CPU.ActiveCfg = Debug|Any CPU
		{E4F5A6B7-C8D9-7E0F-1A2B-3C4D5E6F7A8B}.Debug|Any CPU.Build.0 = Debug|Any CPU
		{E4F5A6B7-C8D9-7E0F-1A2B-3C4D5E6F7A8B}.Release|Any CPU.ActiveCfg = Release|Any CPU
		{E4F5A6B7-C8D9-7E0F-1A2B-3C4D5E6F7A8B}.Release|Any CPU.Build.0 = Release|Any CPU
		{B916B6BA-4CD1-454B-9CA3-A0AD63906E8B}.Debug|Any CPU.ActiveCfg = Debug|Any CPU
		{B916B6BA-4CD1-454B-9CA3-A0AD63906E8B}.Debug|Any CPU.Build.0 = Debug|Any CPU
		{B916B6BA-4CD1-454B-9CA3-A0AD63906E8B}.Debug|x64.ActiveCfg = Debug|Any CPU
		{B916B6BA-4CD1-454B-9CA3-A0AD63906E8B}.Debug|x64.Build.0 = Debug|Any CPU
		{B916B6BA-4CD1-454B-9CA3-A0AD63906E8B}.Debug|x86.ActiveCfg = Debug|Any CPU
		{B916B6BA-4CD1-454B-9CA3-A0AD63906E8B}.Debug|x86.Build.0 = Debug|Any CPU
		{B916B6BA-4CD1-454B-9CA3-A0AD63906E8B}.Release|Any CPU.ActiveCfg = Release|Any CPU
		{B916B6BA-4CD1-454B-9CA3-A0AD63906E8B}.Release|Any CPU.Build.0 = Release|Any CPU
		{B916B6BA-4CD1-454B-9CA3-A0AD63906E8B}.Release|x64.ActiveCfg = Release|Any CPU
		{B916B6BA-4CD1-454B-9CA3-A0AD63906E8B}.Release|x64.Build.0 = Release|Any CPU
		{B916B6BA-4CD1-454B-9CA3-A0AD63906E8B}.Release|x86.ActiveCfg = Release|Any CPU
		{B916B6BA-4CD1-454B-9CA3-A0AD63906E8B}.Release|x86.Build.0 = Release|Any CPU
		{458F0FD0-1710-4196-A72D-8AFD0E16C460}.Debug|Any CPU.ActiveCfg = Debug|Any CPU
		{458F0FD0-1710-4196-A72D-8AFD0E16C460}.Debug|Any CPU.Build.0 = Debug|Any CPU
		{458F0FD0-1710-4196-A72D-8AFD0E16C460}.Debug|x64.ActiveCfg = Debug|Any CPU
		{458F0FD0-1710-4196-A72D-8AFD0E16C460}.Debug|x64.Build.0 = Debug|Any CPU
		{458F0FD0-1710-4196-A72D-8AFD0E16C460}.Debug|x86.ActiveCfg = Debug|Any CPU
		{458F0FD0-1710-4196-A72D-8AFD0E16C460}.Debug|x86.Build.0 = Debug|Any CPU
		{458F0FD0-1710-4196-A72D-8AFD0E16C460}.Release|Any CPU.ActiveCfg = Release|Any CPU
		{458F0FD0-1710-4196-A72D-8AFD0E16C460}.Release|Any CPU.Build.0 = Release|Any CPU
		{458F0FD0-1710-4196-A72D-8AFD0E16C460}.Release|x64.ActiveCfg = Release|Any CPU
		{458F0FD0-1710-4196-A72D-8AFD0E16C460}.Release|x64.Build.0 = Release|Any CPU
		{458F0FD0-1710-4196-A72D-8AFD0E16C460}.Release|x86.ActiveCfg = Release|Any CPU
		{458F0FD0-1710-4196-A72D-8AFD0E16C460}.Release|x86.Build.0 = Release|Any CPU
	EndGlobalSection
	GlobalSection(SolutionProperties) = preSolution
		HideSolutionNode = FALSE
	EndGlobalSection
	GlobalSection(NestedProjects) = preSolution
		{E0BC4168-913F-47A5-A7A6-7E156EE1AFE9} = {4B7E8E8C-9F3A-4E8D-8F3A-4E8D8F3A4E8D}
		{AF47F29D-2306-4104-A6C0-68FC4E726F9F} = {5C8F9F9D-AF4B-5F9E-9F4B-5F9E9F4B5F9E}
		{B1C2D3E4-F5A6-4B7C-8D9E-0F1A2B3C4D5E} = {6D9FAFAE-BF5C-6FAF-AF5C-6FAFAF5C6FAF}
		{C2D3E4F5-A6B7-5C8D-9E0F-1A2B3C4D5E6F} = {6D9FAFAE-BF5C-6FAF-AF5C-6FAFAF5C6FAF}
		{D3E4F5A6-B7C8-6D9E-0F1A-2B3C4D5E6F7A} = {6D9FAFAE-BF5C-6FAF-AF5C-6FAFAF5C6FAF}
		{E4F5A6B7-C8D9-7E0F-1A2B-3C4D5E6F7A8B} = {6D9FAFAE-BF5C-6FAF-AF5C-6FAFAF5C6FAF}
		{B916B6BA-4CD1-454B-9CA3-A0AD63906E8B} = {4B7E8E8C-9F3A-4E8D-8F3A-4E8D8F3A4E8D}
		{458F0FD0-1710-4196-A72D-8AFD0E16C460} = {4B7E8E8C-9F3A-4E8D-8F3A-4E8D8F3A4E8D}
	EndGlobalSection
EndGlobal
